{
  "pins" : [
    {
      "identity" : "ios-heatmap",
      "kind" : "remoteSourceControl",
      "location" : "https://github.com/MapConductor/ios-heatmap",
      "state" : {
        "revision" : "f87531a5311ad6a8f1f6d08ce9ae9d2086adea67"
      }
    },
    {
      "identity" : "ios-maps-sdk",
      "kind" : "remoteSourceControl",
      "location" : "https://github.com/googlemaps/ios-maps-sdk",
      "state" : {
        "revision" : "dcfc4b6dda80bf7a748c34996af823be96511cc1",
        "version" : "10.7.0"
      }
    },
    {
      "identity" : "ios-marker-cluster",
      "kind" : "remoteSourceControl",
      "location" : "https://github.com/MapConductor/ios-marker-cluster",
      "state" : {
        "revision" : "b923daccd4876ae571d628da7a1fc04ea0508443"
      }
    },
    {
      "identity" : "mapbox-common-ios",
      "kind" : "remoteSourceControl",
      "location" : "https://github.com/mapbox/mapbox-common-ios.git",
      "state" : {
        "revision" : "0a1f567dbd9bec885427928a032569ace4c666e5",
        "version" : "24.20.1"
      }
    },
    {
      "identity" : "mapbox-core-maps-ios",
      "kind" : "remoteSourceControl",
      "location" : "https://github.com/mapbox/mapbox-core-maps-ios.git",
      "state" : {
        "revision" : "4831764fc4b993856203afe61ff33d962225bf27",
        "version" : "11.20.1"
      }
    },
    {
      "identity" : "mapbox-maps-ios-binary",
      "kind" : "remoteSourceControl",
      "location" : "https://github.com/mapbox/mapbox-maps-ios-binary",
      "state" : {
        "revision" : "ad7a4d7e52ca2b61c21cd9920ad5c21162ad3245",
        "version" : "11.20.1"
      }
    },
    {
      "identity" : "maplibre-gl-native-distribution",
      "kind" : "remoteSourceControl",
      "location" : "https://github.com/maplibre/maplibre-gl-native-distribution",
      "state" : {
        "revision" : "5d121591b60e837413391814ed88deca2aa7c1d8",
        "version" : "6.24.0"
      }
    },
    {
      "identity" : "turf-swift",
      "kind" : "remoteSourceControl",
      "location" : "https://github.com/mapbox/turf-swift.git",
      "state" : {
        "revision" : "bf840e6b9529d105687840fe2c9dcd74197d46d1",
        "version" : "4.0.0"
      }
    },
    {
      "identity" : "zipfoundation",
      "kind" : "remoteSourceControl",
      "location" : "https://github.com/weichsel/ZIPFoundation",
      "state" : {
        "revision" : "02b6abe5f6eef7e3cbd5f247c5cc24e246efcfe0",
        "version" : "0.9.19"
      }
    }
  ],
  "version" : 2
}
