{
  "originHash" : "f1509b88f020ed281a2f617de0148f30006795b43c766ede711654c2a5577b9b",
  "pins" : [
    {
      "identity" : "ios-for-googlemaps",
      "kind" : "remoteSourceControl",
      "location" : "https://github.com/MapConductor/ios-for-googlemaps",
      "state" : {
        "revision" : "524c3c70e45406b734cc1a57612773ed88b63d81"
      }
    },
    {
      "identity" : "ios-for-mapkit",
      "kind" : "remoteSourceControl",
      "location" : "https://github.com/MapConductor/ios-for-mapkit",
      "state" : {
        "revision" : "efb1dd50262964ff7836f0c8e11b7700b4a019bf"
      }
    },
    {
      "identity" : "ios-for-maplibre",
      "kind" : "remoteSourceControl",
      "location" : "https://github.com/MapConductor/ios-for-maplibre",
      "state" : {
        "revision" : "45761bb5c19f89a5e806427d16394c5af9decf2b"
      }
    },
    {
      "identity" : "ios-heatmap",
      "kind" : "remoteSourceControl",
      "location" : "https://github.com/MapConductor/ios-heatmap",
      "state" : {
        "revision" : "f87531a5311ad6a8f1f6d08ce9ae9d2086adea67"
      }
    },
    {
      "identity" : "ios-maps-sdk",
      "kind" : "remoteSourceControl",
      "location" : "https://github.com/googlemaps/ios-maps-sdk",
      "state" : {
        "revision" : "dcfc4b6dda80bf7a748c34996af823be96511cc1",
        "version" : "10.7.0"
      }
    },
    {
      "identity" : "ios-marker-cluster",
      "kind" : "remoteSourceControl",
      "location" : "https://github.com/MapConductor/ios-marker-cluster",
      "state" : {
        "revision" : "b923daccd4876ae571d628da7a1fc04ea0508443"
      }
    },
    {
      "identity" : "ios-sdk-core",
      "kind" : "remoteSourceControl",
      "location" : "https://github.com/MapConductor/ios-sdk-core",
      "state" : {
        "revision" : "9c419d47ad623285cff8b2d1b870c59bff5f8567"
      }
    },
    {
      "identity" : "maplibre-gl-native-distribution",
      "kind" : "remoteSourceControl",
      "location" : "https://github.com/maplibre/maplibre-gl-native-distribution",
      "state" : {
        "revision" : "fa12216f30833c2b4d897714f7c1ca2f5608f685",
        "version" : "6.22.1"
      }
    }
  ],
  "version" : 3
}
